# This file is autogenerated, do not edit; changes may be undone by the next 'dep ensure'.


[[projects]]
  name = "github.com/disintegration/imaging"
  packages = ["."]
  revision = "fd34ef7671b12cdf1b024d98c6b327b2770d32c4"
  version = "v1.4.1"

[[projects]]
  branch = "go1"
  name = "github.com/skelterjohn/go.matrix"
  packages = ["."]
  revision = "daa59528eefd43623a4c8e36373a86f9eef870a2"

[[projects]]
  branch = "master"
  name = "golang.org/x/image"
  packages = [
    "bmp",
    "tiff",
    "tiff/lzw"
  ]
  revision = "f315e440302883054d0c2bd85486878cb4f8572c"

[solve-meta]
  analyzer-name = "dep"
  analyzer-version = 1
  inputs-digest = "fdeb3a60e805b64894fa17f77388b756b29efe3df615673fbc934285996e6236"
  solver-name = "gps-cdcl"
  solver-version = 1
